{
  "R": {
    "Version": "4.4.3",
    "Repositories": [
      {
        "Name": "CRAN",
        "URL": "https://cloud.r-project.org"
      },
      {
        "Name": "BioCsoft",
        "URL": "https://bioconductor.org/packages/3.20/bioc"
      }
    ]
  },
  "Bioconductor": {
    "Version": "3.20"
  },
  "Packages": {
    "BiocGenerics": {
      "Package": "BiocGenerics",
      "Version": "0.52.0",
      "Source": "Bioconductor",
      "Repository": "BioCsoft"
    },
    "Biobase": {
      "Package": "Biobase",
      "Version": "2.66.0",
      "Source": "Bioconductor",
      "Repository": "BioCsoft"
    },
    "MatrixGenerics": {
      "Package": "MatrixGenerics",
      "Version": "1.18.1",
      "Source": "Bioconductor",
      "Repository": "BioCsoft"
    },
    "matrixStats": {
      "Package": "matrixStats",
      "Version": "1.5.0",
      "Source": "Repository",
      "Repository": "CRAN"
    },
    "S4Vectors": {
      "Package": "S4Vectors",
      "Version": "0.44.0",
      "Source": "Bioconductor",
      "Repository": "BioCsoft"
    },
    "IRanges": {
      "Package": "IRanges",
      "Version": "2.40.1",
      "Source": "Bioconductor",
      "Repository": "BioCsoft"
    },
    "GenomeInfoDb": {
      "Package": "GenomeInfoDb",
      "Version": "1.42.3",
      "Source": "Bioconductor",
      "Repository": "BioCsoft"
    },
    "GenomicRanges": {
      "Package": "GenomicRanges",
      "Version": "1.58.0",
      "Source": "Bioconductor",
      "Repository": "BioCsoft"
    },
    "SummarizedExperiment": {
      "Package": "SummarizedExperiment",
      "Version": "1.36.0",
      "Source": "Bioconductor",
      "Repository": "BioCsoft"
    },
    "BiocParallel": {
      "Package": "BiocParallel",
      "Version": "1.40.0",
      "Source": "Bioconductor",
      "Repository": "BioCsoft"
    },
    "locfit": {
      "Package": "locfit",
      "Version": "1.5-9.12",
      "Source": "Repository",
      "Repository": "CRAN"
    },
    "SparseArray": {
      "Package": "SparseArray",
      "Version": "1.6.2",
      "Source": "Bioconductor",
      "Repository": "BioCsoft"
    },
    "DelayedArray": {
      "Package": "DelayedArray",
      "Version": "0.32.0",
      "Source": "Bioconductor",
      "Repository": "BioCsoft"
    },
    "S4Arrays": {
      "Package": "S4Arrays",
      "Version": "1.6.0",
      "Source": "Bioconductor",
      "Repository": "BioCsoft"
    },
    "XVector": {
      "Package": "XVector",
      "Version": "0.46.0",
      "Source": "Bioconductor",
      "Repository": "BioCsoft"
    },
    "zlibbioc": {
      "Package": "zlibbioc",
      "Version": "1.52.0",
      "Source": "Bioconductor",
      "Repository": "BioCsoft"
    },
    "UCSC.utils": {
      "Package": "UCSC.utils",
      "Version": "1.2.0",
      "Source": "Bioconductor",
      "Repository": "BioCsoft"
    },
    "DESeq2": {
      "Package": "DESeq2",
      "Version": "1.46.0",
      "Source": "Bioconductor",
      "Repository": "BioCsoft"
    },
    "jsonlite": {
      "Package": "jsonlite",
      "Version": "2.0.0",
      "Source": "Repository",
      "Repository": "CRAN"
    }
  }
}
